
Microsoft Visual Studio Solution File, Format Version 12.00
# Visual Studio Version 17
VisualStudioVersion = 17.6.33712.159
MinimumVisualStudioVersion = 10.0.40219.1
Project("{9A19103F-16F7-4668-BE54-9A1E7A4F7556}") = "SRTHost", "src\SRTHost\SRTHost.csproj", "{170EA473-1680-488A-9017-E9100C5612D7}"
EndProject
Project("{9A19103F-16F7-4668-BE54-9A1E7A4F7556}") = "SRTPluginBase", "..\SRTPluginBase\src\SRTPluginBase\SRTPluginBase.csproj", "{E7E09E9D-E9C0-4123-BB47-1E16C529E041}"
EndProject
Global
	GlobalSection(SolutionConfigurationPlatforms) = preSolution
		Debug|Any CPU = Debug|Any CPU
		Debug|x64 = Debug|x64
		Debug|x86 = Debug|x86
		Release|Any CPU = Release|Any CPU
		Release|x64 = Release|x64
		Release|x86 = Release|x86
	EndGlobalSection
	GlobalSection(ProjectConfigurationPlatforms) = postSolution
		{170EA473-1680-488A-9017-E9100C5612D7}.Debug|Any CPU.ActiveCfg = Debug|x64
		{170EA473-1680-488A-9017-E9100C5612D7}.Debug|Any CPU.Build.0 = Debug|x64
		{170EA473-1680-488A-9017-E9100C5612D7}.Debug|x64.ActiveCfg = Debug|x64
		{170EA473-1680-488A-9017-E9100C5612D7}.Debug|x64.Build.0 = Debug|x64
		{170EA473-1680-488A-9017-E9100C5612D7}.Debug|x86.ActiveCfg = Debug|x86
		{170EA473-1680-488A-9017-E9100C5612D7}.Debug|x86.Build.0 = Debug|x86
		{170EA473-1680-488A-9017-E9100C5612D7}.Release|Any CPU.ActiveCfg = Release|x64
		{170EA473-1680-488A-9017-E9100C5612D7}.Release|Any CPU.Build.0 = Release|x64
		{170EA473-1680-488A-9017-E9100C5612D7}.Release|x64.ActiveCfg = Release|x64
		{170EA473-1680-488A-9017-E9100C5612D7}.Release|x64.Build.0 = Release|x64
		{170EA473-1680-488A-9017-E9100C5612D7}.Release|x86.ActiveCfg = Release|x86
		{170EA473-1680-488A-9017-E9100C5612D7}.Release|x86.Build.0 = Release|x86
		{E7E09E9D-E9C0-4123-BB47-1E16C529E041}.Debug|Any CPU.ActiveCfg = Debug|Any CPU
		{E7E09E9D-E9C0-4123-BB47-1E16C529E041}.Debug|Any CPU.Build.0 = Debug|Any CPU
		{E7E09E9D-E9C0-4123-BB47-1E16C529E041}.Debug|x64.ActiveCfg = Debug|Any CPU
		{E7E09E9D-E9C0-4123-BB47-1E16C529E041}.Debug|x64.Build.0 = Debug|Any CPU
		{E7E09E9D-E9C0-4123-BB47-1E16C529E041}.Debug|x86.ActiveCfg = Debug|Any CPU
		{E7E09E9D-E9C0-4123-BB47-1E16C529E041}.Debug|x86.Build.0 = Debug|Any CPU
		{E7E09E9D-E9C0-4123-BB47-1E16C529E041}.Release|Any CPU.ActiveCfg = Release|Any CPU
		{E7E09E9D-E9C0-4123-BB47-1E16C529E041}.Release|Any CPU.Build.0 = Release|Any CPU
		{E7E09E9D-E9C0-4123-BB47-1E16C529E041}.Release|x64.ActiveCfg = Release|Any CPU
		{E7E09E9D-E9C0-4123-BB47-1E16C529E041}.Release|x64.Build.0 = Release|Any CPU
		{E7E09E9D-E9C0-4123-BB47-1E16C529E041}.Release|x86.ActiveCfg = Release|Any CPU
		{E7E09E9D-E9C0-4123-BB47-1E16C529E041}.Release|x86.Build.0 = Release|Any CPU
	EndGlobalSection
	GlobalSection(SolutionProperties) = preSolution
		HideSolutionNode = FALSE
	EndGlobalSection
	GlobalSection(ExtensibilityGlobals) = postSolution
		SolutionGuid = {24109552-9777-4189-B6FB-8B741BFB7A91}
	EndGlobalSection
EndGlobal
